
Microsoft Visual Studio Solution File, Format Version 12.00
# Visual Studio 15
VisualStudioVersion = 15.0.28307.757
MinimumVisualStudioVersion = 10.0.40219.1
Project("{9A19103F-16F7-4668-BE54-9A1E7A4F7556}") = "CMS_WEB.API", "CMS_WEB.API\CMS_WEB.API.csproj", "{A8634E92-FF74-4FF6-980A-F58EC67E7A29}"
EndProject
Project("{9A19103F-16F7-4668-BE54-9A1E7A4F7556}") = "CMS_Entity", "CMS_Entity\CMS_Entity.csproj", "{F2736E16-AE51-49E2-BCED-7792EB92F24E}"
EndProject
Project("{9A19103F-16F7-4668-BE54-9A1E7A4F7556}") = "CMS_Infrastructure", "CMS_Infrastructure\CMS_Infrastructure.csproj", "{682A4E39-0499-4BA4-8FB9-9D1D663FFEE1}"
EndProject
Project("{9A19103F-16F7-4668-BE54-9A1E7A4F7556}") = "CMS_Application", "CMS_Application\CMS_Application.csproj", "{7CB4EA1B-B0BF-4CD2-B0F8-9128E58032AB}"
	ProjectSection(ProjectDependencies) = postProject
		{682A4E39-0499-4BA4-8FB9-9D1D663FFEE1} = {682A4E39-0499-4BA4-8FB9-9D1D663FFEE1}
	EndProjectSection
EndProject
Global
	GlobalSection(SolutionConfigurationPlatforms) = preSolution
		Debug|Any CPU = Debug|Any CPU
		Release|Any CPU = Release|Any CPU
	EndGlobalSection
	GlobalSection(ProjectConfigurationPlatforms) = postSolution
		{A8634E92-FF74-4FF6-980A-F58EC67E7A29}.Debug|Any CPU.ActiveCfg = Debug|Any CPU
		{A8634E92-FF74-4FF6-980A-F58EC67E7A29}.Debug|Any CPU.Build.0 = Debug|Any CPU
		{A8634E92-FF74-4FF6-980A-F58EC67E7A29}.Release|Any CPU.ActiveCfg = Release|Any CPU
		{A8634E92-FF74-4FF6-980A-F58EC67E7A29}.Release|Any CPU.Build.0 = Release|Any CPU
		{F2736E16-AE51-49E2-BCED-7792EB92F24E}.Debug|Any CPU.ActiveCfg = Debug|Any CPU
		{F2736E16-AE51-49E2-BCED-7792EB92F24E}.Debug|Any CPU.Build.0 = Debug|Any CPU
		{F2736E16-AE51-49E2-BCED-7792EB92F24E}.Release|Any CPU.ActiveCfg = Release|Any CPU
		{F2736E16-AE51-49E2-BCED-7792EB92F24E}.Release|Any CPU.Build.0 = Release|Any CPU
		{682A4E39-0499-4BA4-8FB9-9D1D663FFEE1}.Debug|Any CPU.ActiveCfg = Debug|Any CPU
		{682A4E39-0499-4BA4-8FB9-9D1D663FFEE1}.Debug|Any CPU.Build.0 = Debug|Any CPU
		{682A4E39-0499-4BA4-8FB9-9D1D663FFEE1}.Release|Any CPU.ActiveCfg = Release|Any CPU
		{682A4E39-0499-4BA4-8FB9-9D1D663FFEE1}.Release|Any CPU.Build.0 = Release|Any CPU
		{7CB4EA1B-B0BF-4CD2-B0F8-9128E58032AB}.Debug|Any CPU.ActiveCfg = Debug|Any CPU
		{7CB4EA1B-B0BF-4CD2-B0F8-9128E58032AB}.Debug|Any CPU.Build.0 = Debug|Any CPU
		{7CB4EA1B-B0BF-4CD2-B0F8-9128E58032AB}.Release|Any CPU.ActiveCfg = Release|Any CPU
		{7CB4EA1B-B0BF-4CD2-B0F8-9128E58032AB}.Release|Any CPU.Build.0 = Release|Any CPU
	EndGlobalSection
	GlobalSection(SolutionProperties) = preSolution
		HideSolutionNode = FALSE
	EndGlobalSection
	GlobalSection(ExtensibilityGlobals) = postSolution
		SolutionGuid = {EBE7D63E-6CF3-40C8-93E1-DE008438CC20}
	EndGlobalSection
EndGlobal
